// !$*UTF8*$!
{
	archiveVersion = 1;
	classes = {
	};
	objectVersion = 50;
	objects = {

/* Begin PBXBuildFile section */
		1944A818230FBB28008D09A0 /* AppDelegate.swift in Sources */ = {isa = PBXBuildFile; fileRef = 1944A817230FBB28008D09A0 /* AppDelegate.swift */; };
		1944A81A230FBB28008D09A0 /* ViewController.swift in Sources */ = {isa = PBXBuildFile; fileRef = 1944A819230FBB28008D09A0 /* ViewController.swift */; };
		1944A81D230FBB28008D09A0 /* Main.storyboard in Resources */ = {isa = PBXBuildFile; fileRef = 1944A81B230FBB28008D09A0 /* Main.storyboard */; };
		1944A81F230FBB2A008D09A0 /* Assets.xcassets in Resources */ = {isa = PBXBuildFile; fileRef = 1944A81E230FBB2A008D09A0 /* Assets.xcassets */; };
		1944A822230FBB2A008D09A0 /* LaunchScreen.storyboard in Resources */ = {isa = PBXBuildFile; fileRef = 1944A820230FBB2A008D09A0 /* LaunchScreen.storyboard */; };
		1944A82D230FBB2A008D09A0 /* VLabsTestTests.swift in Sources */ = {isa = PBXBuildFile; fileRef = 1944A82C230FBB2A008D09A0 /* VLabsTestTests.swift */; };
/* End PBXBuildFile section */

/* Begin PBXContainerItemProxy section */
		1944A829230FBB2A008D09A0 /* PBXContainerItemProxy */ = {
			isa = PBXContainerItemProxy;
			containerPortal = 1944A80C230FBB28008D09A0 /* Project object */;
			proxyType = 1;
			remoteGlobalIDString = 1944A813230FBB28008D09A0;
			remoteInfo = VLabsTest;
		};
/* End PBXContainerItemProxy section */

/* Begin PBXFileReference section */
		1944A814230FBB28008D09A0 /* VLabsTest.app */ = {isa = PBXFileReference; explicitFileType = wrapper.application; includeInIndex = 0; path = VLabsTest.app; sourceTree = BUILT_PRODUCTS_DIR; };
		1944A817230FBB28008D09A0 /* AppDelegate.swift */ = {isa = PBXFileReference; lastKnownFileType = sourcecode.swift; path = AppDelegate.swift; sourceTree = "<group>"; };
		1944A819230FBB28008D09A0 /* ViewController.swift */ = {isa = PBXFileReference; lastKnownFileType = sourcecode.swift; path = ViewController.swift; sourceTree = "<group>"; };
		1944A81C230FBB28008D09A0 /* Base */ = {isa = PBXFileReference; lastKnownFileType = file.storyboard; name = Base; path = Base.lproj/Main.storyboard; sourceTree = "<group>"; };
		1944A81E230FBB2A008D09A0 /* Assets.xcassets */ = {isa = PBXFileReference; lastKnownFileType = folder.assetcatalog; path = Assets.xcassets; sourceTree = "<group>"; };
		1944A821230FBB2A008D09A0 /* Base */ = {isa = PBXFileReference; lastKnownFileType = file.storyboard; name = Base; path = Base.lproj/LaunchScreen.storyboard; sourceTree = "<group>"; };
		1944A823230FBB2A008D09A0 /* Info.plist */ = {isa = PBXFileReference; lastKnownFileType = text.plist.xml; path = Info.plist; sourceTree = "<group>"; };
		1944A828230FBB2A008D09A0 /* VLabsTestTests.xctest */ = {isa = PBXFileReference; explicitFileType = wrapper.cfbundle; includeInIndex = 0; path = VLabsTestTests.xctest; sourceTree = BUILT_PRODUCTS_DIR; };
		1944A82C230FBB2A008D09A0 /* VLabsTestTests.swift */ = {isa = PBXFileReference; lastKnownFileType = sourcecode.swift; path = VLabsTestTests.swift; sourceTree = "<group>"; };
		1944A82E230FBB2A008D09A0 /* Info.plist */ = {isa = PBXFileReference; lastKnownFileType = text.plist.xml; path = Info.plist; sourceTree = "<group>"; };
/* End PBXFileReference section */

/* Begin PBXFrameworksBuildPhase section */
		1944A811230FBB28008D09A0 /* Frameworks */ = {
			isa = PBXFrameworksBuildPhase;
			buildActionMask = 2147483647;
			files = (
			);
			runOnlyForDeploymentPostprocessing = 0;
		};
		1944A825230FBB2A008D09A0 /* Frameworks */ = {
			isa = PBXFrameworksBuildPhase;
			buildActionMask = 2147483647;
			files = (
			);
			runOnlyForDeploymentPostprocessing = 0;
		};
/* End PBXFrameworksBuildPhase section */

/* Begin PBXGroup section */
		1944A80B230FBB28008D09A0 = {
			isa = PBXGroup;
			children = (
				1944A816230FBB28008D09A0 /* VLabsTest */,
				1944A82B230FBB2A008D09A0 /* VLabsTestTests */,
				1944A815230FBB28008D09A0 /* Products */,
			);
			sourceTree = "<group>";
		};
		1944A815230FBB28008D09A0 /* Products */ = {
			isa = PBXGroup;
			children = (
				1944A814230FBB28008D09A0 /* VLabsTest.app */,
				1944A828230FBB2A008D09A0 /* VLabsTestTests.xctest */,
			);
			name = Products;
			sourceTree = "<group>";
		};
		1944A816230FBB28008D09A0 /* VLabsTest */ = {
			isa = PBXGroup;
			children = (
				1944A817230FBB28008D09A0 /* AppDelegate.swift */,
				1944A819230FBB28008D09A0 /* ViewController.swift */,
				1944A81B230FBB28008D09A0 /* Main.storyboard */,
				1944A81E230FBB2A008D09A0 /* Assets.xcassets */,
				1944A820230FBB2A008D09A0 /* LaunchScreen.storyboard */,
				1944A823230FBB2A008D09A0 /* Info.plist */,
			);
			path = VLabsTest;
			sourceTree = "<group>";
		};
		1944A82B230FBB2A008D09A0 /* VLabsTestTests */ = {
			isa = PBXGroup;
			children = (
				1944A82C230FBB2A008D09A0 /* VLabsTestTests.swift */,
				1944A82E230FBB2A008D09A0 /* Info.plist */,
			);
			path = VLabsTestTests;
			sourceTree = "<group>";
		};
/* End PBXGroup section */

/* Begin PBXNativeTarget section */
		1944A813230FBB28008D09A0 /* VLabsTest */ = {
			isa = PBXNativeTarget;
			buildConfigurationList = 1944A831230FBB2A008D09A0 /* Build configuration list for PBXNativeTarget "VLabsTest" */;
			buildPhases = (
				1944A810230FBB28008D09A0 /* Sources */,
				1944A811230FBB28008D09A0 /* Frameworks */,
				1944A812230FBB28008D09A0 /* Resources */,
			);
			buildRules = (
			);
			dependencies = (
			);
			name = VLabsTest;
			productName = VLabsTest;
			productReference = 1944A814230FBB28008D09A0 /* VLabsTest.app */;
			productType = "com.apple.product-type.application";
		};
		1944A827230FBB2A008D09A0 /* VLabsTestTests */ = {
			isa = PBXNativeTarget;
			buildConfigurationList = 1944A834230FBB2A008D09A0 /* Build configuration list for PBXNativeTarget "VLabsTestTests" */;
			buildPhases = (
				1944A824230FBB2A008D09A0 /* Sources */,
				1944A825230FBB2A008D09A0 /* Frameworks */,
				1944A826230FBB2A008D09A0 /* Resources */,
			);
			buildRules = (
			);
			dependencies = (
				1944A82A230FBB2A008D09A0 /* PBXTargetDependency */,
			);
			name = VLabsTestTests;
			productName = VLabsTestTests;
			productReference = 1944A828230FBB2A008D09A0 /* VLabsTestTests.xctest */;
			productType = "com.apple.product-type.bundle.unit-test";
		};
/* End PBXNativeTarget section */

/* Begin PBXProject section */
		1944A80C230FBB28008D09A0 /* Project object */ = {
			isa = PBXProject;
			attributes = {
				LastSwiftUpdateCheck = 1030;
				LastUpgradeCheck = 1030;
				ORGANIZATIONNAME = HugoCorp;
				TargetAttributes = {
					1944A813230FBB28008D09A0 = {
						CreatedOnToolsVersion = 10.3;
					};
					1944A827230FBB2A008D09A0 = {
						CreatedOnToolsVersion = 10.3;
						TestTargetID = 1944A813230FBB28008D09A0;
					};
				};
			};
			buildConfigurationList = 1944A80F230FBB28008D09A0 /* Build configuration list for PBXProject "VLabsTest" */;
			compatibilityVersion = "Xcode 9.3";
			developmentRegion = en;
			hasScannedForEncodings = 0;
			knownRegions = (
				en,
				Base,
			);
			mainGroup = 1944A80B230FBB28008D09A0;
			productRefGroup = 1944A815230FBB28008D09A0 /* Products */;
			projectDirPath = "";
			projectRoot = "";
			targets = (
				1944A813230FBB28008D09A0 /* VLabsTest */,
				1944A827230FBB2A008D09A0 /* VLabsTestTests */,
			);
		};
/* End PBXProject section */

/* Begin PBXResourcesBuildPhase section */
		1944A812230FBB28008D09A0 /* Resources */ = {
			isa = PBXResourcesBuildPhase;
			buildActionMask = 2147483647;
			files = (
				1944A822230FBB2A008D09A0 /* LaunchScreen.storyboard in Resources */,
				1944A81F230FBB2A008D09A0 /* Assets.xcassets in Resources */,
				1944A81D230FBB28008D09A0 /* Main.storyboard in Resources */,
			);
			runOnlyForDeploymentPostprocessing = 0;
		};
		1944A826230FBB2A008D09A0 /* Resources */ = {
			isa = PBXResourcesBuildPhase;
			buildActionMask = 2147483647;
			files = (
			);
			runOnlyForDeploymentPostprocessing = 0;
		};
/* End PBXResourcesBuildPhase section */

/* Begin PBXSourcesBuildPhase section */
		1944A810230FBB28008D09A0 /* Sources */ = {
			isa = PBXSourcesBuildPhase;
			buildActionMask = 2147483647;
			files = (
				1944A81A230FBB28008D09A0 /* ViewController.swift in Sources */,
				1944A818230FBB28008D09A0 /* AppDelegate.swift in Sources */,
			);
			runOnlyForDeploymentPostprocessing = 0;
		};
		1944A824230FBB2A008D09A0 /* Sources */ = {
			isa = PBXSourcesBuildPhase;
			buildActionMask = 2147483647;
			files = (
				1944A82D230FBB2A008D09A0 /* VLabsTestTests.swift in Sources */,
			);
			runOnlyForDeploymentPostprocessing = 0;
		};
/* End PBXSourcesBuildPhase section */

/* Begin PBXTargetDependency section */
		1944A82A230FBB2A008D09A0 /* PBXTargetDependency */ = {
			isa = PBXTargetDependency;
			target = 1944A813230FBB28008D09A0 /* VLabsTest */;
			targetProxy = 1944A829230FBB2A008D09A0 /* PBXContainerItemProxy */;
		};
/* End PBXTargetDependency section */

/* Begin PBXVariantGroup section */
		1944A81B230FBB28008D09A0 /* Main.storyboard */ = {
			isa = PBXVariantGroup;
			children = (
				1944A81C230FBB28008D09A0 /* Base */,
			);
			name = Main.storyboard;
			sourceTree = "<group>";
		};
		1944A820230FBB2A008D09A0 /* LaunchScreen.storyboard */ = {
			isa = PBXVariantGroup;
			children = (
				1944A821230FBB2A008D09A0 /* Base */,
			);
			name = LaunchScreen.storyboard;
			sourceTree = "<group>";
		};
/* End PBXVariantGroup section */

/* Begin XCBuildConfiguration section */
		1944A82F230FBB2A008D09A0 /* Debug */ = {
			isa = XCBuildConfiguration;
			buildSettings = {
				ALWAYS_SEARCH_USER_PATHS = NO;
				CLANG_ANALYZER_NONNULL = YES;
				CLANG_ANALYZER_NUMBER_OBJECT_CONVERSION = YES_AGGRESSIVE;
				CLANG_CXX_LANGUAGE_STANDARD = "gnu++14";
				CLANG_CXX_LIBRARY = "libc++";
				CLANG_ENABLE_MODULES = YES;
				CLANG_ENABLE_OBJC_ARC = YES;
				CLANG_ENABLE_OBJC_WEAK = YES;
				CLANG_WARN_BLOCK_CAPTURE_AUTORELEASING = YES;
				CLANG_WARN_BOOL_CONVERSION = YES;
				CLANG_WARN_COMMA = YES;
				CLANG_WARN_CONSTANT_CONVERSION = YES;
				CLANG_WARN_DEPRECATED_OBJC_IMPLEMENTATIONS = YES;
				CLANG_WARN_DIRECT_OBJC_ISA_USAGE = YES_ERROR;
				CLANG_WARN_DOCUMENTATION_COMMENTS = YES;
				CLANG_WARN_EMPTY_BODY = YES;
				CLANG_WARN_ENUM_CONVERSION = YES;
				CLANG_WARN_INFINITE_RECURSION = YES;
				CLANG_WARN_INT_CONVERSION = YES;
				CLANG_WARN_NON_LITERAL_NULL_CONVERSION = YES;
				CLANG_WARN_OBJC_IMPLICIT_RETAIN_SELF = YES;
				CLANG_WARN_OBJC_LITERAL_CONVERSION = YES;
				CLANG_WARN_OBJC_ROOT_CLASS = YES_ERROR;
				CLANG_WARN_RANGE_LOOP_ANALYSIS = YES;
				CLANG_WARN_STRICT_PROTOTYPES = YES;
				CLANG_WARN_SUSPICIOUS_MOVE = YES;
				CLANG_WARN_UNGUARDED_AVAILABILITY = YES_AGGRESSIVE;
				CLANG_WARN_UNREACHABLE_CODE = YES;
				CLANG_WARN__DUPLICATE_METHOD_MATCH = YES;
				CODE_SIGN_IDENTITY = "iPhone Developer";
				COPY_PHASE_STRIP = NO;
				DEBUG_INFORMATION_FORMAT = dwarf;
				ENABLE_STRICT_OBJC_MSGSEND = YES;
				ENABLE_TESTABILITY = YES;
				GCC_C_LANGUAGE_STANDARD = gnu11;
				GCC_DYNAMIC_NO_PIC = NO;
				GCC_NO_COMMON_BLOCKS = YES;
				GCC_OPTIMIZATION_LEVEL = 0;
				GCC_PREPROCESSOR_DEFINITIONS = (
					"DEBUG=1",
					"$(inherited)",
				);
				GCC_WARN_64_TO_32_BIT_CONVERSION = YES;
				GCC_WARN_ABOUT_RETURN_TYPE = YES_ERROR;
				GCC_WARN_UNDECLARED_SELECTOR = YES;
				GCC_WARN_UNINITIALIZED_AUTOS = YES_AGGRESSIVE;
				GCC_WARN_UNUSED_FUNCTION = YES;
				GCC_WARN_UNUSED_VARIABLE = YES;
				IPHONEOS_DEPLOYMENT_TARGET = 12.4;
				MTL_ENABLE_DEBUG_INFO = INCLUDE_SOURCE;
				MTL_FAST_MATH = YES;
				ONLY_ACTIVE_ARCH = YES;
				SDKROOT = iphoneos;
				SWIFT_ACTIVE_COMPILATION_CONDITIONS = DEBUG;
				SWIFT_OPTIMIZATION_LEVEL = "-Onone";
			};
			name = Debug;
		};
		1944A830230FBB2A008D09A0 /* Release */ = {
			isa = XCBuildConfiguration;
			buildSettings = {
				ALWAYS_SEARCH_USER_PATHS = NO;
				CLANG_ANALYZER_NONNULL = YES;
				CLANG_ANALYZER_NUMBER_OBJECT_CONVERSION = YES_AGGRESSIVE;
				CLANG_CXX_LANGUAGE_STANDARD = "gnu++14";
				CLANG_CXX_LIBRARY = "libc++";
				CLANG_ENABLE_MODULES = YES;
				CLANG_ENABLE_OBJC_ARC = YES;
				CLANG_ENABLE_OBJC_WEAK = YES;
				CLANG_WARN_BLOCK_CAPTURE_AUTORELEASING = YES;
				CLANG_WARN_BOOL_CONVERSION = YES;
				CLANG_WARN_COMMA = YES;
				CLANG_WARN_CONSTANT_CONVERSION = YES;
				CLANG_WARN_DEPRECATED_OBJC_IMPLEMENTATIONS = YES;
				CLANG_WARN_DIRECT_OBJC_ISA_USAGE = YES_ERROR;
				CLANG_WARN_DOCUMENTATION_COMMENTS = YES;
				CLANG_WARN_EMPTY_BODY = YES;
				CLANG_WARN_ENUM_CONVERSION = YES;
				CLANG_WARN_INFINITE_RECURSION = YES;
				CLANG_WARN_INT_CONVERSION = YES;
				CLANG_WARN_NON_LITERAL_NULL_CONVERSION = YES;
				CLANG_WARN_OBJC_IMPLICIT_RETAIN_SELF = YES;
				CLANG_WARN_OBJC_LITERAL_CONVERSION = YES;
				CLANG_WARN_OBJC_ROOT_CLASS = YES_ERROR;
				CLANG_WARN_RANGE_LOOP_ANALYSIS = YES;
				CLANG_WARN_STRICT_PROTOTYPES = YES;
				CLANG_WARN_SUSPICIOUS_MOVE = YES;
				CLANG_WARN_UNGUARDED_AVAILABILITY = YES_AGGRESSIVE;
				CLANG_WARN_UNREACHABLE_CODE = YES;
				CLANG_WARN__DUPLICATE_METHOD_MATCH = YES;
				CODE_SIGN_IDENTITY = "iPhone Developer";
				COPY_PHASE_STRIP = NO;
				DEBUG_INFORMATION_FORMAT = "dwarf-with-dsym";
				ENABLE_NS_ASSERTIONS = NO;
				ENABLE_STRICT_OBJC_MSGSEND = YES;
				GCC_C_LANGUAGE_STANDARD = gnu11;
				GCC_NO_COMMON_BLOCKS = YES;
				GCC_WARN_64_TO_32_BIT_CONVERSION = YES;
				GCC_WARN_ABOUT_RETURN_TYPE = YES_ERROR;
				GCC_WARN_UNDECLARED_SELECTOR = YES;
				GCC_WARN_UNINITIALIZED_AUTOS = YES_AGGRESSIVE;
				GCC_WARN_UNUSED_FUNCTION = YES;
				GCC_WARN_UNUSED_VARIABLE = YES;
				IPHONEOS_DEPLOYMENT_TARGET = 12.4;
				MTL_ENABLE_DEBUG_INFO = NO;
				MTL_FAST_MATH = YES;
				SDKROOT = iphoneos;
				SWIFT_COMPILATION_MODE = wholemodule;
				SWIFT_OPTIMIZATION_LEVEL = "-O";
				VALIDATE_PRODUCT = YES;
			};
			name = Release;
		};
		1944A832230FBB2A008D09A0 /* Debug */ = {
			isa = XCBuildConfiguration;
			buildSettings = {
				ASSETCATALOG_COMPILER_APPICON_NAME = AppIcon;
				CODE_SIGN_STYLE = Automatic;
				DEVELOPMENT_TEAM = ZZLR4N8R46;
				INFOPLIST_FILE = VLabsTest/Info.plist;
				LD_RUNPATH_SEARCH_PATHS = (
					"$(inherited)",
					"@executable_path/Frameworks",
				);
				PRODUCT_BUNDLE_IDENTIFIER = hugo.vlab.eu.VLabsTest;
				PRODUCT_NAME = "$(TARGET_NAME)";
				SWIFT_VERSION = 5.0;
				TARGETED_DEVICE_FAMILY = "1,2";
			};
			name = Debug;
		};
		1944A833230FBB2A008D09A0 /* Release */ = {
			isa = XCBuildConfiguration;
			buildSettings = {
				ASSETCATALOG_COMPILER_APPICON_NAME = AppIcon;
				CODE_SIGN_STYLE = Automatic;
				DEVELOPMENT_TEAM = ZZLR4N8R46;
				INFOPLIST_FILE = VLabsTest/Info.plist;
				LD_RUNPATH_SEARCH_PATHS = (
					"$(inherited)",
					"@executable_path/Frameworks",
				);
				PRODUCT_BUNDLE_IDENTIFIER = hugo.vlab.eu.VLabsTest;
				PRODUCT_NAME = "$(TARGET_NAME)";
				SWIFT_VERSION = 5.0;
				TARGETED_DEVICE_FAMILY = "1,2";
			};
			name = Release;
		};
		1944A835230FBB2A008D09A0 /* Debug */ = {
			isa = XCBuildConfiguration;
			buildSettings = {
				ALWAYS_EMBED_SWIFT_STANDARD_LIBRARIES = YES;
				BUNDLE_LOADER = "$(TEST_HOST)";
				CODE_SIGN_STYLE = Automatic;
				DEVELOPMENT_TEAM = ZZLR4N8R46;
				INFOPLIST_FILE = VLabsTestTests/Info.plist;
				LD_RUNPATH_SEARCH_PATHS = (
					"$(inherited)",
					"@executable_path/Frameworks",
					"@loader_path/Frameworks",
				);
				PRODUCT_BUNDLE_IDENTIFIER = hugo.vlab.eu.VLabsTestTests;
				PRODUCT_NAME = "$(TARGET_NAME)";
				SWIFT_VERSION = 5.0;
				TARGETED_DEVICE_FAMILY = "1,2";
				TEST_HOST = "$(BUILT_PRODUCTS_DIR)/VLabsTest.app/VLabsTest";
			};
			name = Debug;
		};
		1944A836230FBB2A008D09A0 /* Release */ = {
			isa = XCBuildConfiguration;
			buildSettings = {
				ALWAYS_EMBED_SWIFT_STANDARD_LIBRARIES = YES;
				BUNDLE_LOADER = "$(TEST_HOST)";
				CODE_SIGN_STYLE = Automatic;
				DEVELOPMENT_TEAM = ZZLR4N8R46;
				INFOPLIST_FILE = VLabsTestTests/Info.plist;
				LD_RUNPATH_SEARCH_PATHS = (
					"$(inherited)",
					"@executable_path/Frameworks",
					"@loader_path/Frameworks",
				);
				PRODUCT_BUNDLE_IDENTIFIER = hugo.vlab.eu.VLabsTestTests;
				PRODUCT_NAME = "$(TARGET_NAME)";
				SWIFT_VERSION = 5.0;
				TARGETED_DEVICE_FAMILY = "1,2";
				TEST_HOST = "$(BUILT_PRODUCTS_DIR)/VLabsTest.app/VLabsTest";
			};
			name = Release;
		};
/* End XCBuildConfiguration section */

/* Begin XCConfigurationList section */
		1944A80F230FBB28008D09A0 /* Build configuration list for PBXProject "VLabsTest" */ = {
			isa = XCConfigurationList;
			buildConfigurations = (
				1944A82F230FBB2A008D09A0 /* Debug */,
				1944A830230FBB2A008D09A0 /* Release */,
			);
			defaultConfigurationIsVisible = 0;
			defaultConfigurationName = Release;
		};
		1944A831230FBB2A008D09A0 /* Build configuration list for PBXNativeTarget "VLabsTest" */ = {
			isa = XCConfigurationList;
			buildConfigurations = (
				1944A832230FBB2A008D09A0 /* Debug */,
				1944A833230FBB2A008D09A0 /* Release */,
			);
			defaultConfigurationIsVisible = 0;
			defaultConfigurationName = Release;
		};
		1944A834230FBB2A008D09A0 /* Build configuration list for PBXNativeTarget "VLabsTestTests" */ = {
			isa = XCConfigurationList;
			buildConfigurations = (
				1944A835230FBB2A008D09A0 /* Debug */,
				1944A836230FBB2A008D09A0 /* Release */,
			);
			defaultConfigurationIsVisible = 0;
			defaultConfigurationName = Release;
		};
/* End XCConfigurationList section */
	};
	rootObject = 1944A80C230FBB28008D09A0 /* Project object */;
}
